PODS:
  - RIBs (0.9.1):
    - RxSwift (~> 4.0)
  - RxSwift (4.5.0)
  - SnapKit (5.6.0)

DEPENDENCIES:
  - RIBs (~> 0.9)
  - RxSwift
  - SnapKit

SPEC REPOS:
  trunk:
    - RIBs
    - RxSwift
    - SnapKit

SPEC CHECKSUMS:
  RIBs: 879184fbca567425c488d6b3d14a9c5abfbf9d47
  RxSwift: f172070dfd1a93d70a9ab97a5a01166206e1c575
  SnapKit: e01d52ebb8ddbc333eefe2132acf85c8227d9c25

PODFILE CHECKSUM: 7fc5f0f756c699e4b8c9fed18c45c903704f5fe1

COCOAPODS: 1.12.1
